
Microsoft Visual Studio Solution File, Format Version 12.00
# Visual Studio Version 17
VisualStudioVersion = 17.5.33424.131
MinimumVisualStudioVersion = 10.0.40219.1
Project("{FAE04EC0-301F-11D3-BF4B-00C04F79EFBC}") = "Gra", "Gra\Gra.csproj", "{A9BB3CE5-F7B9-434B-9B9F-70C7B18D2EA6}"
EndProject
Global
	GlobalSection(SolutionConfigurationPlatforms) = preSolution
		Debug|Any CPU = Debug|Any CPU
		Release|Any CPU = Release|Any CPU
	EndGlobalSection
	GlobalSection(ProjectConfigurationPlatforms) = postSolution
		{A9BB3CE5-F7B9-434B-9B9F-70C7B18D2EA6}.Debug|Any CPU.ActiveCfg = Debug|Any CPU
		{A9BB3CE5-F7B9-434B-9B9F-70C7B18D2EA6}.Debug|Any CPU.Build.0 = Debug|Any CPU
		{A9BB3CE5-F7B9-434B-9B9F-70C7B18D2EA6}.Release|Any CPU.ActiveCfg = Release|Any CPU
		{A9BB3CE5-F7B9-434B-9B9F-70C7B18D2EA6}.Release|Any CPU.Build.0 = Release|Any CPU
	EndGlobalSection
	GlobalSection(SolutionProperties) = preSolution
		HideSolutionNode = FALSE
	EndGlobalSection
	GlobalSection(ExtensibilityGlobals) = postSolution
		SolutionGuid = {A639524D-B1DC-4E84-9D3F-141580A7FA20}
	EndGlobalSection
EndGlobal
